
Microsoft Visual Studio Solution File, Format Version 12.00
# Visual Studio 15
VisualStudioVersion = 15.0.28307.902
MinimumVisualStudioVersion = 10.0.40219.1
Project("{FAE04EC0-301F-11D3-BF4B-00C04F79EFBC}") = "DCT_data_import", "DCT_data_import\DCT_data_import.csproj", "{28250590-3063-446F-83CC-CDBF93525015}"
EndProject
EndProject
Global
	GlobalSection(SolutionConfigurationPlatforms) = preSolution
		Debug|Any CPU = Debug|Any CPU
		Release|Any CPU = Release|Any CPU
	EndGlobalSection
	GlobalSection(ProjectConfigurationPlatforms) = postSolution
		{28250590-3063-446F-83CC-CDBF93525015}.Debug|Any CPU.ActiveCfg = Debug|Any CPU
		{28250590-3063-446F-83CC-CDBF93525015}.Debug|Any CPU.Build.0 = Debug|Any CPU
		{28250590-3063-446F-83CC-CDBF93525015}.Release|Any CPU.ActiveCfg = Release|Any CPU
		{28250590-3063-446F-83CC-CDBF93525015}.Release|Any CPU.Build.0 = Release|Any CPU
	EndGlobalSection
	GlobalSection(SolutionProperties) = preSolution
		HideSolutionNode = FALSE
	EndGlobalSection
	GlobalSection(ExtensibilityGlobals) = postSolution
		SolutionGuid = {2A575C14-0D27-4069-A966-23E99AB4F056}
	EndGlobalSection
EndGlobal
